// !$*UTF8*$!
{
	archiveVersion = 1;
	classes = {
	};
	objectVersion = 50;
	objects = {

/* Begin PBXBuildFile section */
		530510D724EE0F18002CDA2E /* ForgotPasswordViewController.swift in Sources */ = {isa = PBXBuildFile; fileRef = 530510D624EE0F18002CDA2E /* ForgotPasswordViewController.swift */; };
		530510D924EE1E3C002CDA2E /* VerifyForgotPasswordViewController.swift in Sources */ = {isa = PBXBuildFile; fileRef = 530510D824EE1E3C002CDA2E /* VerifyForgotPasswordViewController.swift */; };
		530510DB24EE25E4002CDA2E /* CreateNewPasswordViewController.swift in Sources */ = {isa = PBXBuildFile; fileRef = 530510DA24EE25E4002CDA2E /* CreateNewPasswordViewController.swift */; };
		5305110124EE69F3002CDA2E /* CustomUITabBar.swift in Sources */ = {isa = PBXBuildFile; fileRef = 5305110024EE69F3002CDA2E /* CustomUITabBar.swift */; };
		5305110324EE6D7A002CDA2E /* TabBarViewController.swift in Sources */ = {isa = PBXBuildFile; fileRef = 5305110224EE6D7A002CDA2E /* TabBarViewController.swift */; };
		5305110524EE7664002CDA2E /* BoundTopRightView.swift in Sources */ = {isa = PBXBuildFile; fileRef = 5305110424EE7664002CDA2E /* BoundTopRightView.swift */; };
		5305110724EE78A2002CDA2E /* BoundBottomLeftCorner.swift in Sources */ = {isa = PBXBuildFile; fileRef = 5305110624EE78A2002CDA2E /* BoundBottomLeftCorner.swift */; };
		53364AD624F4A45900FF6C32 /* UIViewExtension.swift in Sources */ = {isa = PBXBuildFile; fileRef = 53364AD524F4A45900FF6C32 /* UIViewExtension.swift */; };
		53364AD924F4B62F00FF6C32 /* ScanQRViewController.swift in Sources */ = {isa = PBXBuildFile; fileRef = 53364AD824F4B62F00FF6C32 /* ScanQRViewController.swift */; };
		53364ADB24F50E9400FF6C32 /* ConfirmSendViewController.swift in Sources */ = {isa = PBXBuildFile; fileRef = 53364ADA24F50E9400FF6C32 /* ConfirmSendViewController.swift */; };
		53534F6124F60EB1009A8964 /* PassSendConfirmViewController.swift in Sources */ = {isa = PBXBuildFile; fileRef = 53534F6024F60EB1009A8964 /* PassSendConfirmViewController.swift */; };
		53534F6424F60FBE009A8964 /* Passcode.swift in Sources */ = {isa = PBXBuildFile; fileRef = 53534F6224F60FBE009A8964 /* Passcode.swift */; };
		53534F6524F60FBE009A8964 /* Pin.swift in Sources */ = {isa = PBXBuildFile; fileRef = 53534F6324F60FBE009A8964 /* Pin.swift */; };
		53534F6724F61EE7009A8964 /* CompleteSendViewController.swift in Sources */ = {isa = PBXBuildFile; fileRef = 53534F6624F61EE7009A8964 /* CompleteSendViewController.swift */; };
		53534F6924F648E0009A8964 /* SaveWalletViewController.swift in Sources */ = {isa = PBXBuildFile; fileRef = 53534F6824F648E0009A8964 /* SaveWalletViewController.swift */; };
		53534F6B24F65D70009A8964 /* UIScrollViewExtension.swift in Sources */ = {isa = PBXBuildFile; fileRef = 53534F6A24F65D70009A8964 /* UIScrollViewExtension.swift */; };
		535406DC24F9F50E00F2B9BE /* EditProfileViewController.swift in Sources */ = {isa = PBXBuildFile; fileRef = 535406DB24F9F50E00F2B9BE /* EditProfileViewController.swift */; };
		535406DE24FA164100F2B9BE /* ChangePasswordViewController.swift in Sources */ = {isa = PBXBuildFile; fileRef = 535406DD24FA164100F2B9BE /* ChangePasswordViewController.swift */; };
		537BF8B424EB779500B49C7D /* Page.swift in Sources */ = {isa = PBXBuildFile; fileRef = 537BF8B324EB779500B49C7D /* Page.swift */; };
		537BF8B624EB893A00B49C7D /* StartViewController.swift in Sources */ = {isa = PBXBuildFile; fileRef = 537BF8B524EB893A00B49C7D /* StartViewController.swift */; };
		537BF8B824EBA73300B49C7D /* SignInViewController.swift in Sources */ = {isa = PBXBuildFile; fileRef = 537BF8B724EBA73300B49C7D /* SignInViewController.swift */; };
		537BF8BA24EBA82B00B49C7D /* RoundCornerView.swift in Sources */ = {isa = PBXBuildFile; fileRef = 537BF8B924EBA82B00B49C7D /* RoundCornerView.swift */; };
		537BF8BC24EBAE2100B49C7D /* ChangeColorImageView.swift in Sources */ = {isa = PBXBuildFile; fileRef = 537BF8BB24EBAE2100B49C7D /* ChangeColorImageView.swift */; };
		537BF8BE24EBCE9D00B49C7D /* SetBorderAndRoundCornerView.swift in Sources */ = {isa = PBXBuildFile; fileRef = 537BF8BD24EBCE9D00B49C7D /* SetBorderAndRoundCornerView.swift */; };
		538B116D24EA5FF1000B65D1 /* AppDelegate.swift in Sources */ = {isa = PBXBuildFile; fileRef = 538B116C24EA5FF1000B65D1 /* AppDelegate.swift */; };
		538B116F24EA5FF1000B65D1 /* SceneDelegate.swift in Sources */ = {isa = PBXBuildFile; fileRef = 538B116E24EA5FF1000B65D1 /* SceneDelegate.swift */; };
		538B117124EA5FF1000B65D1 /* WelcomeController.swift in Sources */ = {isa = PBXBuildFile; fileRef = 538B117024EA5FF1000B65D1 /* WelcomeController.swift */; };
		538B117424EA5FF1000B65D1 /* Main.storyboard in Resources */ = {isa = PBXBuildFile; fileRef = 538B117224EA5FF1000B65D1 /* Main.storyboard */; };
		538B117624EA5FF3000B65D1 /* Assets.xcassets in Resources */ = {isa = PBXBuildFile; fileRef = 538B117524EA5FF3000B65D1 /* Assets.xcassets */; };
		538B117924EA5FF3000B65D1 /* LaunchScreen.storyboard in Resources */ = {isa = PBXBuildFile; fileRef = 538B117724EA5FF3000B65D1 /* LaunchScreen.storyboard */; };
		538B118724EA64A5000B65D1 /* sfprodisplay_black.ttf in Resources */ = {isa = PBXBuildFile; fileRef = 538B118424EA627B000B65D1 /* sfprodisplay_black.ttf */; };
		538B118824EA64A8000B65D1 /* sfprodisplay_light.ttf in Resources */ = {isa = PBXBuildFile; fileRef = 538B118224EA627B000B65D1 /* sfprodisplay_light.ttf */; };
		538B118924EA64AB000B65D1 /* sfprodisplay_medium.ttf in Resources */ = {isa = PBXBuildFile; fileRef = 538B118624EA627B000B65D1 /* sfprodisplay_medium.ttf */; };
		538B118A24EA64AE000B65D1 /* sfprodisplay_regular_italic.ttf in Resources */ = {isa = PBXBuildFile; fileRef = 538B118324EA627B000B65D1 /* sfprodisplay_regular_italic.ttf */; };
		538B118B24EA64B0000B65D1 /* sfprodisplay_regular.ttf in Resources */ = {isa = PBXBuildFile; fileRef = 538B118124EA627B000B65D1 /* sfprodisplay_regular.ttf */; };
		538B118C24EA64B3000B65D1 /* stencil.TTF in Resources */ = {isa = PBXBuildFile; fileRef = 538B118524EA627B000B65D1 /* stencil.TTF */; };
		538B119024EA8403000B65D1 /* WelcomeCollectionViewCell.swift in Sources */ = {isa = PBXBuildFile; fileRef = 538B118E24EA8403000B65D1 /* WelcomeCollectionViewCell.swift */; };
		538B119124EA8403000B65D1 /* WelcomeCollectionViewCell.xib in Resources */ = {isa = PBXBuildFile; fileRef = 538B118F24EA8403000B65D1 /* WelcomeCollectionViewCell.xib */; };
		538DC1EB24F353D000B12D02 /* BoundBottomLeftAndBottomRightCornerView.swift in Sources */ = {isa = PBXBuildFile; fileRef = 538DC1EA24F353D000B12D02 /* BoundBottomLeftAndBottomRightCornerView.swift */; };
		538DC1ED24F36A2C00B12D02 /* SendViewController.swift in Sources */ = {isa = PBXBuildFile; fileRef = 538DC1EC24F36A2C00B12D02 /* SendViewController.swift */; };
		538DC1EF24F377F200B12D02 /* BoundTopLeftAndTopRightCornerView.swift in Sources */ = {isa = PBXBuildFile; fileRef = 538DC1EE24F377F200B12D02 /* BoundTopLeftAndTopRightCornerView.swift */; };
		538DC1F124F37F1400B12D02 /* ListWalletViewController.swift in Sources */ = {isa = PBXBuildFile; fileRef = 538DC1F024F37F1400B12D02 /* ListWalletViewController.swift */; };
		538DC1F424F395BA00B12D02 /* ListWalletTableViewCell.swift in Sources */ = {isa = PBXBuildFile; fileRef = 538DC1F224F395BA00B12D02 /* ListWalletTableViewCell.swift */; };
		538DC1F524F395BA00B12D02 /* ListWalletTableViewCell.xib in Resources */ = {isa = PBXBuildFile; fileRef = 538DC1F324F395BA00B12D02 /* ListWalletTableViewCell.xib */; };
		538DC1F724F398F500B12D02 /* Wallet.swift in Sources */ = {isa = PBXBuildFile; fileRef = 538DC1F624F398F500B12D02 /* Wallet.swift */; };
		538DC1F924F3B0B800B12D02 /* AddressWalletViewController.swift in Sources */ = {isa = PBXBuildFile; fileRef = 538DC1F824F3B0B800B12D02 /* AddressWalletViewController.swift */; };
		538DC1FC24F3B34C00B12D02 /* AddressWalletTableViewCell.swift in Sources */ = {isa = PBXBuildFile; fileRef = 538DC1FA24F3B34C00B12D02 /* AddressWalletTableViewCell.swift */; };
		538DC1FD24F3B34C00B12D02 /* AddressWalletTableViewCell.xib in Resources */ = {isa = PBXBuildFile; fileRef = 538DC1FB24F3B34C00B12D02 /* AddressWalletTableViewCell.xib */; };
		538DC1FF24F3BBBD00B12D02 /* AddressWallet.swift in Sources */ = {isa = PBXBuildFile; fileRef = 538DC1FE24F3BBBD00B12D02 /* AddressWallet.swift */; };
		539512C224ECD541006A8EF5 /* setBorderAndRoundCornerButton.swift in Sources */ = {isa = PBXBuildFile; fileRef = 539512C124ECD541006A8EF5 /* setBorderAndRoundCornerButton.swift */; };
		539512C424ECFADB006A8EF5 /* SignUpViewController.swift in Sources */ = {isa = PBXBuildFile; fileRef = 539512C324ECFADB006A8EF5 /* SignUpViewController.swift */; };
		539512C624ED0FBB006A8EF5 /* VerifyAccountViewController.swift in Sources */ = {isa = PBXBuildFile; fileRef = 539512C524ED0FBB006A8EF5 /* VerifyAccountViewController.swift */; };
		539512C824ED1316006A8EF5 /* BoundFourCornersView.swift in Sources */ = {isa = PBXBuildFile; fileRef = 539512C724ED1316006A8EF5 /* BoundFourCornersView.swift */; };
		539512CA24ED246E006A8EF5 /* FinishSignUpViewController.swift in Sources */ = {isa = PBXBuildFile; fileRef = 539512C924ED246E006A8EF5 /* FinishSignUpViewController.swift */; };
		53ACB20424EF610900BCC6B4 /* BoundBottomLeftAndTopRightCornerView.swift in Sources */ = {isa = PBXBuildFile; fileRef = 53ACB20324EF610900BCC6B4 /* BoundBottomLeftAndTopRightCornerView.swift */; };
		53ACB20724EF75B800BCC6B4 /* DashboardCollectionViewCell.swift in Sources */ = {isa = PBXBuildFile; fileRef = 53ACB20524EF75B800BCC6B4 /* DashboardCollectionViewCell.swift */; };
		53ACB20824EF75B800BCC6B4 /* DashboardCollectionViewCell.xib in Resources */ = {isa = PBXBuildFile; fileRef = 53ACB20624EF75B800BCC6B4 /* DashboardCollectionViewCell.xib */; };
		53ACB20A24EF765D00BCC6B4 /* DashboardViewController.swift in Sources */ = {isa = PBXBuildFile; fileRef = 53ACB20924EF765D00BCC6B4 /* DashboardViewController.swift */; };
		53ACB20D24EF828600BCC6B4 /* TransactionTableViewCell.swift in Sources */ = {isa = PBXBuildFile; fileRef = 53ACB20B24EF828600BCC6B4 /* TransactionTableViewCell.swift */; };
		53ACB20E24EF828600BCC6B4 /* TransactionTableViewCell.xib in Resources */ = {isa = PBXBuildFile; fileRef = 53ACB20C24EF828600BCC6B4 /* TransactionTableViewCell.xib */; };
		53ACB21124EFAE3C00BCC6B4 /* WalletTableViewCell.swift in Sources */ = {isa = PBXBuildFile; fileRef = 53ACB20F24EFAE3C00BCC6B4 /* WalletTableViewCell.swift */; };
		53ACB21224EFAE3C00BCC6B4 /* WalletTableViewCell.xib in Resources */ = {isa = PBXBuildFile; fileRef = 53ACB21024EFAE3C00BCC6B4 /* WalletTableViewCell.xib */; };
		53ACB21424EFB1FE00BCC6B4 /* WalletsViewController.swift in Sources */ = {isa = PBXBuildFile; fileRef = 53ACB21324EFB1FE00BCC6B4 /* WalletsViewController.swift */; };
		53B13BA224F75635004E54D9 /* RecieveViewController.swift in Sources */ = {isa = PBXBuildFile; fileRef = 53B13BA124F75635004E54D9 /* RecieveViewController.swift */; };
		53B13BA524F786EC004E54D9 /* WithdrawalTableViewCell.swift in Sources */ = {isa = PBXBuildFile; fileRef = 53B13BA324F786EC004E54D9 /* WithdrawalTableViewCell.swift */; };
		53B13BA624F786EC004E54D9 /* WithdrawalTableViewCell.xib in Resources */ = {isa = PBXBuildFile; fileRef = 53B13BA424F786EC004E54D9 /* WithdrawalTableViewCell.xib */; };
		53B13BA824F78C28004E54D9 /* WithdrawalViewController.swift in Sources */ = {isa = PBXBuildFile; fileRef = 53B13BA724F78C28004E54D9 /* WithdrawalViewController.swift */; };
		53B13BAA24F79D51004E54D9 /* FinishWithdrawalViewController.swift in Sources */ = {isa = PBXBuildFile; fileRef = 53B13BA924F79D51004E54D9 /* FinishWithdrawalViewController.swift */; };
		53B13BAD24F7A5EC004E54D9 /* NotificationTableViewCell.swift in Sources */ = {isa = PBXBuildFile; fileRef = 53B13BAB24F7A5EC004E54D9 /* NotificationTableViewCell.swift */; };
		53B13BAE24F7A5EC004E54D9 /* NotificationTableViewCell.xib in Resources */ = {isa = PBXBuildFile; fileRef = 53B13BAC24F7A5EC004E54D9 /* NotificationTableViewCell.xib */; };
		53B13BB024F7AC35004E54D9 /* NotificationViewController.swift in Sources */ = {isa = PBXBuildFile; fileRef = 53B13BAF24F7AC35004E54D9 /* NotificationViewController.swift */; };
		53BC5C7024FC93EB0000E112 /* ManageWalletTableViewCell.swift in Sources */ = {isa = PBXBuildFile; fileRef = 53BC5C6E24FC93EB0000E112 /* ManageWalletTableViewCell.swift */; };
		53BC5C7124FC93EB0000E112 /* ManageWalletTableViewCell.xib in Resources */ = {isa = PBXBuildFile; fileRef = 53BC5C6F24FC93EB0000E112 /* ManageWalletTableViewCell.xib */; };
		53BC5C7324FC97760000E112 /* ManageWalletViewController.swift in Sources */ = {isa = PBXBuildFile; fileRef = 53BC5C7224FC97760000E112 /* ManageWalletViewController.swift */; };
		53EC8EAE24F8EDE100744B80 /* DetailNotificationViewController.swift in Sources */ = {isa = PBXBuildFile; fileRef = 53EC8EAD24F8EDE100744B80 /* DetailNotificationViewController.swift */; };
		53EC8EB224F8FBB900744B80 /* BoundCornerImage.swift in Sources */ = {isa = PBXBuildFile; fileRef = 53EC8EB124F8FBB900744B80 /* BoundCornerImage.swift */; };
		53EC8EB424F9097900744B80 /* AccountViewController.swift in Sources */ = {isa = PBXBuildFile; fileRef = 53EC8EB324F9097900744B80 /* AccountViewController.swift */; };
/* End PBXBuildFile section */

/* Begin PBXFileReference section */
		530510D624EE0F18002CDA2E /* ForgotPasswordViewController.swift */ = {isa = PBXFileReference; lastKnownFileType = sourcecode.swift; path = ForgotPasswordViewController.swift; sourceTree = "<group>"; };
		530510D824EE1E3C002CDA2E /* VerifyForgotPasswordViewController.swift */ = {isa = PBXFileReference; lastKnownFileType = sourcecode.swift; path = VerifyForgotPasswordViewController.swift; sourceTree = "<group>"; };
		530510DA24EE25E4002CDA2E /* CreateNewPasswordViewController.swift */ = {isa = PBXFileReference; lastKnownFileType = sourcecode.swift; path = CreateNewPasswordViewController.swift; sourceTree = "<group>"; };
		5305110024EE69F3002CDA2E /* CustomUITabBar.swift */ = {isa = PBXFileReference; lastKnownFileType = sourcecode.swift; path = CustomUITabBar.swift; sourceTree = "<group>"; };
		5305110224EE6D7A002CDA2E /* TabBarViewController.swift */ = {isa = PBXFileReference; lastKnownFileType = sourcecode.swift; path = TabBarViewController.swift; sourceTree = "<group>"; };
		5305110424EE7664002CDA2E /* BoundTopRightView.swift */ = {isa = PBXFileReference; lastKnownFileType = sourcecode.swift; path = BoundTopRightView.swift; sourceTree = "<group>"; };
		5305110624EE78A2002CDA2E /* BoundBottomLeftCorner.swift */ = {isa = PBXFileReference; lastKnownFileType = sourcecode.swift; path = BoundBottomLeftCorner.swift; sourceTree = "<group>"; };
		53364AD524F4A45900FF6C32 /* UIViewExtension.swift */ = {isa = PBXFileReference; lastKnownFileType = sourcecode.swift; path = UIViewExtension.swift; sourceTree = "<group>"; };
		53364AD824F4B62F00FF6C32 /* ScanQRViewController.swift */ = {isa = PBXFileReference; lastKnownFileType = sourcecode.swift; path = ScanQRViewController.swift; sourceTree = "<group>"; };
		53364ADA24F50E9400FF6C32 /* ConfirmSendViewController.swift */ = {isa = PBXFileReference; lastKnownFileType = sourcecode.swift; path = ConfirmSendViewController.swift; sourceTree = "<group>"; };
		53534F6024F60EB1009A8964 /* PassSendConfirmViewController.swift */ = {isa = PBXFileReference; lastKnownFileType = sourcecode.swift; path = PassSendConfirmViewController.swift; sourceTree = "<group>"; };
		53534F6224F60FBE009A8964 /* Passcode.swift */ = {isa = PBXFileReference; fileEncoding = 4; lastKnownFileType = sourcecode.swift; path = Passcode.swift; sourceTree = "<group>"; };
		53534F6324F60FBE009A8964 /* Pin.swift */ = {isa = PBXFileReference; fileEncoding = 4; lastKnownFileType = sourcecode.swift; path = Pin.swift; sourceTree = "<group>"; };
		53534F6624F61EE7009A8964 /* CompleteSendViewController.swift */ = {isa = PBXFileReference; lastKnownFileType = sourcecode.swift; path = CompleteSendViewController.swift; sourceTree = "<group>"; };
		53534F6824F648E0009A8964 /* SaveWalletViewController.swift */ = {isa = PBXFileReference; lastKnownFileType = sourcecode.swift; path = SaveWalletViewController.swift; sourceTree = "<group>"; };
		53534F6A24F65D70009A8964 /* UIScrollViewExtension.swift */ = {isa = PBXFileReference; lastKnownFileType = sourcecode.swift; path = UIScrollViewExtension.swift; sourceTree = "<group>"; };
		535406DB24F9F50E00F2B9BE /* EditProfileViewController.swift */ = {isa = PBXFileReference; lastKnownFileType = sourcecode.swift; path = EditProfileViewController.swift; sourceTree = "<group>"; };
		535406DD24FA164100F2B9BE /* ChangePasswordViewController.swift */ = {isa = PBXFileReference; lastKnownFileType = sourcecode.swift; path = ChangePasswordViewController.swift; sourceTree = "<group>"; };
		537BF8B324EB779500B49C7D /* Page.swift */ = {isa = PBXFileReference; lastKnownFileType = sourcecode.swift; path = Page.swift; sourceTree = "<group>"; };
		537BF8B524EB893A00B49C7D /* StartViewController.swift */ = {isa = PBXFileReference; lastKnownFileType = sourcecode.swift; path = StartViewController.swift; sourceTree = "<group>"; };
		537BF8B724EBA73300B49C7D /* SignInViewController.swift */ = {isa = PBXFileReference; lastKnownFileType = sourcecode.swift; path = SignInViewController.swift; sourceTree = "<group>"; };
		537BF8B924EBA82B00B49C7D /* RoundCornerView.swift */ = {isa = PBXFileReference; lastKnownFileType = sourcecode.swift; path = RoundCornerView.swift; sourceTree = "<group>"; };
		537BF8BB24EBAE2100B49C7D /* ChangeColorImageView.swift */ = {isa = PBXFileReference; lastKnownFileType = sourcecode.swift; path = ChangeColorImageView.swift; sourceTree = "<group>"; };
		537BF8BD24EBCE9D00B49C7D /* SetBorderAndRoundCornerView.swift */ = {isa = PBXFileReference; lastKnownFileType = sourcecode.swift; path = SetBorderAndRoundCornerView.swift; sourceTree = "<group>"; };
		538B116924EA5FF1000B65D1 /* ECB-Wallet.app */ = {isa = PBXFileReference; explicitFileType = wrapper.application; includeInIndex = 0; path = "ECB-Wallet.app"; sourceTree = BUILT_PRODUCTS_DIR; };
		538B116C24EA5FF1000B65D1 /* AppDelegate.swift */ = {isa = PBXFileReference; lastKnownFileType = sourcecode.swift; path = AppDelegate.swift; sourceTree = "<group>"; };
		538B116E24EA5FF1000B65D1 /* SceneDelegate.swift */ = {isa = PBXFileReference; lastKnownFileType = sourcecode.swift; path = SceneDelegate.swift; sourceTree = "<group>"; };
		538B117024EA5FF1000B65D1 /* WelcomeController.swift */ = {isa = PBXFileReference; lastKnownFileType = sourcecode.swift; path = WelcomeController.swift; sourceTree = "<group>"; };
		538B117324EA5FF1000B65D1 /* Base */ = {isa = PBXFileReference; lastKnownFileType = file.storyboard; name = Base; path = Base.lproj/Main.storyboard; sourceTree = "<group>"; };
		538B117524EA5FF3000B65D1 /* Assets.xcassets */ = {isa = PBXFileReference; lastKnownFileType = folder.assetcatalog; path = Assets.xcassets; sourceTree = "<group>"; };
		538B117824EA5FF3000B65D1 /* Base */ = {isa = PBXFileReference; lastKnownFileType = file.storyboard; name = Base; path = Base.lproj/LaunchScreen.storyboard; sourceTree = "<group>"; };
		538B117A24EA5FF3000B65D1 /* Info.plist */ = {isa = PBXFileReference; lastKnownFileType = text.plist.xml; path = Info.plist; sourceTree = "<group>"; };
		538B118124EA627B000B65D1 /* sfprodisplay_regular.ttf */ = {isa = PBXFileReference; lastKnownFileType = file; path = sfprodisplay_regular.ttf; sourceTree = "<group>"; };
		538B118224EA627B000B65D1 /* sfprodisplay_light.ttf */ = {isa = PBXFileReference; lastKnownFileType = file; path = sfprodisplay_light.ttf; sourceTree = "<group>"; };
		538B118324EA627B000B65D1 /* sfprodisplay_regular_italic.ttf */ = {isa = PBXFileReference; lastKnownFileType = file; path = sfprodisplay_regular_italic.ttf; sourceTree = "<group>"; };
		538B118424EA627B000B65D1 /* sfprodisplay_black.ttf */ = {isa = PBXFileReference; lastKnownFileType = file; path = sfprodisplay_black.ttf; sourceTree = "<group>"; };
		538B118524EA627B000B65D1 /* stencil.TTF */ = {isa = PBXFileReference; lastKnownFileType = file; path = stencil.TTF; sourceTree = "<group>"; };
		538B118624EA627B000B65D1 /* sfprodisplay_medium.ttf */ = {isa = PBXFileReference; lastKnownFileType = file; path = sfprodisplay_medium.ttf; sourceTree = "<group>"; };
		538B118E24EA8403000B65D1 /* WelcomeCollectionViewCell.swift */ = {isa = PBXFileReference; lastKnownFileType = sourcecode.swift; path = WelcomeCollectionViewCell.swift; sourceTree = "<group>"; };
		538B118F24EA8403000B65D1 /* WelcomeCollectionViewCell.xib */ = {isa = PBXFileReference; lastKnownFileType = file.xib; path = WelcomeCollectionViewCell.xib; sourceTree = "<group>"; };
		538DC1EA24F353D000B12D02 /* BoundBottomLeftAndBottomRightCornerView.swift */ = {isa = PBXFileReference; lastKnownFileType = sourcecode.swift; path = BoundBottomLeftAndBottomRightCornerView.swift; sourceTree = "<group>"; };
		538DC1EC24F36A2C00B12D02 /* SendViewController.swift */ = {isa = PBXFileReference; lastKnownFileType = sourcecode.swift; path = SendViewController.swift; sourceTree = "<group>"; };
		538DC1EE24F377F200B12D02 /* BoundTopLeftAndTopRightCornerView.swift */ = {isa = PBXFileReference; lastKnownFileType = sourcecode.swift; path = BoundTopLeftAndTopRightCornerView.swift; sourceTree = "<group>"; };
		538DC1F024F37F1400B12D02 /* ListWalletViewController.swift */ = {isa = PBXFileReference; lastKnownFileType = sourcecode.swift; path = ListWalletViewController.swift; sourceTree = "<group>"; };
		538DC1F224F395BA00B12D02 /* ListWalletTableViewCell.swift */ = {isa = PBXFileReference; lastKnownFileType = sourcecode.swift; path = ListWalletTableViewCell.swift; sourceTree = "<group>"; };
		538DC1F324F395BA00B12D02 /* ListWalletTableViewCell.xib */ = {isa = PBXFileReference; lastKnownFileType = file.xib; path = ListWalletTableViewCell.xib; sourceTree = "<group>"; };
		538DC1F624F398F500B12D02 /* Wallet.swift */ = {isa = PBXFileReference; lastKnownFileType = sourcecode.swift; path = Wallet.swift; sourceTree = "<group>"; };
		538DC1F824F3B0B800B12D02 /* AddressWalletViewController.swift */ = {isa = PBXFileReference; lastKnownFileType = sourcecode.swift; path = AddressWalletViewController.swift; sourceTree = "<group>"; };
		538DC1FA24F3B34C00B12D02 /* AddressWalletTableViewCell.swift */ = {isa = PBXFileReference; lastKnownFileType = sourcecode.swift; path = AddressWalletTableViewCell.swift; sourceTree = "<group>"; };
		538DC1FB24F3B34C00B12D02 /* AddressWalletTableViewCell.xib */ = {isa = PBXFileReference; lastKnownFileType = file.xib; path = AddressWalletTableViewCell.xib; sourceTree = "<group>"; };
		538DC1FE24F3BBBD00B12D02 /* AddressWallet.swift */ = {isa = PBXFileReference; lastKnownFileType = sourcecode.swift; path = AddressWallet.swift; sourceTree = "<group>"; };
		539512C124ECD541006A8EF5 /* setBorderAndRoundCornerButton.swift */ = {isa = PBXFileReference; lastKnownFileType = sourcecode.swift; path = setBorderAndRoundCornerButton.swift; sourceTree = "<group>"; };
		539512C324ECFADB006A8EF5 /* SignUpViewController.swift */ = {isa = PBXFileReference; lastKnownFileType = sourcecode.swift; path = SignUpViewController.swift; sourceTree = "<group>"; };
		539512C524ED0FBB006A8EF5 /* VerifyAccountViewController.swift */ = {isa = PBXFileReference; lastKnownFileType = sourcecode.swift; path = VerifyAccountViewController.swift; sourceTree = "<group>"; };
		539512C724ED1316006A8EF5 /* BoundFourCornersView.swift */ = {isa = PBXFileReference; lastKnownFileType = sourcecode.swift; path = BoundFourCornersView.swift; sourceTree = "<group>"; };
		539512C924ED246E006A8EF5 /* FinishSignUpViewController.swift */ = {isa = PBXFileReference; lastKnownFileType = sourcecode.swift; path = FinishSignUpViewController.swift; sourceTree = "<group>"; };
		53ACB20324EF610900BCC6B4 /* BoundBottomLeftAndTopRightCornerView.swift */ = {isa = PBXFileReference; lastKnownFileType = sourcecode.swift; path = BoundBottomLeftAndTopRightCornerView.swift; sourceTree = "<group>"; };
		53ACB20524EF75B800BCC6B4 /* DashboardCollectionViewCell.swift */ = {isa = PBXFileReference; lastKnownFileType = sourcecode.swift; path = DashboardCollectionViewCell.swift; sourceTree = "<group>"; };
		53ACB20624EF75B800BCC6B4 /* DashboardCollectionViewCell.xib */ = {isa = PBXFileReference; lastKnownFileType = file.xib; path = DashboardCollectionViewCell.xib; sourceTree = "<group>"; };
		53ACB20924EF765D00BCC6B4 /* DashboardViewController.swift */ = {isa = PBXFileReference; lastKnownFileType = sourcecode.swift; path = DashboardViewController.swift; sourceTree = "<group>"; };
		53ACB20B24EF828600BCC6B4 /* TransactionTableViewCell.swift */ = {isa = PBXFileReference; lastKnownFileType = sourcecode.swift; path = TransactionTableViewCell.swift; sourceTree = "<group>"; };
		53ACB20C24EF828600BCC6B4 /* TransactionTableViewCell.xib */ = {isa = PBXFileReference; lastKnownFileType = file.xib; path = TransactionTableViewCell.xib; sourceTree = "<group>"; };
		53ACB20F24EFAE3C00BCC6B4 /* WalletTableViewCell.swift */ = {isa = PBXFileReference; lastKnownFileType = sourcecode.swift; path = WalletTableViewCell.swift; sourceTree = "<group>"; };
		53ACB21024EFAE3C00BCC6B4 /* WalletTableViewCell.xib */ = {isa = PBXFileReference; lastKnownFileType = file.xib; path = WalletTableViewCell.xib; sourceTree = "<group>"; };
		53ACB21324EFB1FE00BCC6B4 /* WalletsViewController.swift */ = {isa = PBXFileReference; lastKnownFileType = sourcecode.swift; path = WalletsViewController.swift; sourceTree = "<group>"; };
		53B13BA124F75635004E54D9 /* RecieveViewController.swift */ = {isa = PBXFileReference; lastKnownFileType = sourcecode.swift; path = RecieveViewController.swift; sourceTree = "<group>"; };
		53B13BA324F786EC004E54D9 /* WithdrawalTableViewCell.swift */ = {isa = PBXFileReference; lastKnownFileType = sourcecode.swift; path = WithdrawalTableViewCell.swift; sourceTree = "<group>"; };
		53B13BA424F786EC004E54D9 /* WithdrawalTableViewCell.xib */ = {isa = PBXFileReference; lastKnownFileType = file.xib; path = WithdrawalTableViewCell.xib; sourceTree = "<group>"; };
		53B13BA724F78C28004E54D9 /* WithdrawalViewController.swift */ = {isa = PBXFileReference; lastKnownFileType = sourcecode.swift; path = WithdrawalViewController.swift; sourceTree = "<group>"; };
		53B13BA924F79D51004E54D9 /* FinishWithdrawalViewController.swift */ = {isa = PBXFileReference; lastKnownFileType = sourcecode.swift; path = FinishWithdrawalViewController.swift; sourceTree = "<group>"; };
		53B13BAB24F7A5EC004E54D9 /* NotificationTableViewCell.swift */ = {isa = PBXFileReference; lastKnownFileType = sourcecode.swift; path = NotificationTableViewCell.swift; sourceTree = "<group>"; };
		53B13BAC24F7A5EC004E54D9 /* NotificationTableViewCell.xib */ = {isa = PBXFileReference; lastKnownFileType = file.xib; path = NotificationTableViewCell.xib; sourceTree = "<group>"; };
		53B13BAF24F7AC35004E54D9 /* NotificationViewController.swift */ = {isa = PBXFileReference; lastKnownFileType = sourcecode.swift; path = NotificationViewController.swift; sourceTree = "<group>"; };
		53BC5C6E24FC93EB0000E112 /* ManageWalletTableViewCell.swift */ = {isa = PBXFileReference; lastKnownFileType = sourcecode.swift; path = ManageWalletTableViewCell.swift; sourceTree = "<group>"; };
		53BC5C6F24FC93EB0000E112 /* ManageWalletTableViewCell.xib */ = {isa = PBXFileReference; lastKnownFileType = file.xib; path = ManageWalletTableViewCell.xib; sourceTree = "<group>"; };
		53BC5C7224FC97760000E112 /* ManageWalletViewController.swift */ = {isa = PBXFileReference; lastKnownFileType = sourcecode.swift; path = ManageWalletViewController.swift; sourceTree = "<group>"; };
		53EC8EAD24F8EDE100744B80 /* DetailNotificationViewController.swift */ = {isa = PBXFileReference; lastKnownFileType = sourcecode.swift; path = DetailNotificationViewController.swift; sourceTree = "<group>"; };
		53EC8EB124F8FBB900744B80 /* BoundCornerImage.swift */ = {isa = PBXFileReference; lastKnownFileType = sourcecode.swift; path = BoundCornerImage.swift; sourceTree = "<group>"; };
		53EC8EB324F9097900744B80 /* AccountViewController.swift */ = {isa = PBXFileReference; lastKnownFileType = sourcecode.swift; path = AccountViewController.swift; sourceTree = "<group>"; };
/* End PBXFileReference section */

/* Begin PBXFrameworksBuildPhase section */
		538B116624EA5FF1000B65D1 /* Frameworks */ = {
			isa = PBXFrameworksBuildPhase;
			buildActionMask = 2147483647;
			files = (
			);
			runOnlyForDeploymentPostprocessing = 0;
		};
/* End PBXFrameworksBuildPhase section */

/* Begin PBXGroup section */
		53364AD724F4A52600FF6C32 /* XIB */ = {
			isa = PBXGroup;
			children = (
				538B118F24EA8403000B65D1 /* WelcomeCollectionViewCell.xib */,
				53ACB20624EF75B800BCC6B4 /* DashboardCollectionViewCell.xib */,
				53ACB20C24EF828600BCC6B4 /* TransactionTableViewCell.xib */,
				53ACB21024EFAE3C00BCC6B4 /* WalletTableViewCell.xib */,
				538DC1F324F395BA00B12D02 /* ListWalletTableViewCell.xib */,
				538DC1FB24F3B34C00B12D02 /* AddressWalletTableViewCell.xib */,
				53B13BA424F786EC004E54D9 /* WithdrawalTableViewCell.xib */,
				53B13BAC24F7A5EC004E54D9 /* NotificationTableViewCell.xib */,
				53BC5C6F24FC93EB0000E112 /* ManageWalletTableViewCell.xib */,
			);
			path = XIB;
			sourceTree = "<group>";
		};
		537BF8B224EB776F00B49C7D /* Models */ = {
			isa = PBXGroup;
			children = (
				537BF8B324EB779500B49C7D /* Page.swift */,
				538DC1F624F398F500B12D02 /* Wallet.swift */,
				538DC1FE24F3BBBD00B12D02 /* AddressWallet.swift */,
			);
			path = Models;
			sourceTree = "<group>";
		};
		538B116024EA5FF1000B65D1 = {
			isa = PBXGroup;
			children = (
				538B116B24EA5FF1000B65D1 /* ECB-Wallet */,
				538B116A24EA5FF1000B65D1 /* Products */,
			);
			sourceTree = "<group>";
		};
		538B116A24EA5FF1000B65D1 /* Products */ = {
			isa = PBXGroup;
			children = (
				538B116924EA5FF1000B65D1 /* ECB-Wallet.app */,
			);
			name = Products;
			sourceTree = "<group>";
		};
		538B116B24EA5FF1000B65D1 /* ECB-Wallet */ = {
			isa = PBXGroup;
			children = (
				53364AD724F4A52600FF6C32 /* XIB */,
				539512BE24ECBB87006A8EF5 /* Extensions */,
				537BF8B224EB776F00B49C7D /* Models */,
				538B119224EA8962000B65D1 /* Controllers */,
				538B118D24EA693E000B65D1 /* Views */,
				538B118024EA61D3000B65D1 /* fonts */,
				538B116C24EA5FF1000B65D1 /* AppDelegate.swift */,
				538B116E24EA5FF1000B65D1 /* SceneDelegate.swift */,
				538B117224EA5FF1000B65D1 /* Main.storyboard */,
				538B117524EA5FF3000B65D1 /* Assets.xcassets */,
				538B117724EA5FF3000B65D1 /* LaunchScreen.storyboard */,
				538B117A24EA5FF3000B65D1 /* Info.plist */,
			);
			path = "ECB-Wallet";
			sourceTree = "<group>";
		};
		538B118024EA61D3000B65D1 /* fonts */ = {
			isa = PBXGroup;
			children = (
				538B118424EA627B000B65D1 /* sfprodisplay_black.ttf */,
				538B118224EA627B000B65D1 /* sfprodisplay_light.ttf */,
				538B118624EA627B000B65D1 /* sfprodisplay_medium.ttf */,
				538B118324EA627B000B65D1 /* sfprodisplay_regular_italic.ttf */,
				538B118124EA627B000B65D1 /* sfprodisplay_regular.ttf */,
				538B118524EA627B000B65D1 /* stencil.TTF */,
			);
			path = fonts;
			sourceTree = "<group>";
		};
		538B118D24EA693E000B65D1 /* Views */ = {
			isa = PBXGroup;
			children = (
				538B118E24EA8403000B65D1 /* WelcomeCollectionViewCell.swift */,
				537BF8B924EBA82B00B49C7D /* RoundCornerView.swift */,
				537BF8BB24EBAE2100B49C7D /* ChangeColorImageView.swift */,
				537BF8BD24EBCE9D00B49C7D /* SetBorderAndRoundCornerView.swift */,
				539512C124ECD541006A8EF5 /* setBorderAndRoundCornerButton.swift */,
				539512C724ED1316006A8EF5 /* BoundFourCornersView.swift */,
				5305110024EE69F3002CDA2E /* CustomUITabBar.swift */,
				53534F6224F60FBE009A8964 /* Passcode.swift */,
				53534F6324F60FBE009A8964 /* Pin.swift */,
				5305110424EE7664002CDA2E /* BoundTopRightView.swift */,
				5305110624EE78A2002CDA2E /* BoundBottomLeftCorner.swift */,
				53ACB20324EF610900BCC6B4 /* BoundBottomLeftAndTopRightCornerView.swift */,
				53ACB20524EF75B800BCC6B4 /* DashboardCollectionViewCell.swift */,
				53ACB20B24EF828600BCC6B4 /* TransactionTableViewCell.swift */,
				53ACB20F24EFAE3C00BCC6B4 /* WalletTableViewCell.swift */,
				538DC1EA24F353D000B12D02 /* BoundBottomLeftAndBottomRightCornerView.swift */,
				538DC1EE24F377F200B12D02 /* BoundTopLeftAndTopRightCornerView.swift */,
				538DC1F224F395BA00B12D02 /* ListWalletTableViewCell.swift */,
				538DC1FA24F3B34C00B12D02 /* AddressWalletTableViewCell.swift */,
				53B13BA324F786EC004E54D9 /* WithdrawalTableViewCell.swift */,
				53B13BAB24F7A5EC004E54D9 /* NotificationTableViewCell.swift */,
				53EC8EB124F8FBB900744B80 /* BoundCornerImage.swift */,
				53BC5C6E24FC93EB0000E112 /* ManageWalletTableViewCell.swift */,
			);
			path = Views;
			sourceTree = "<group>";
		};
		538B119224EA8962000B65D1 /* Controllers */ = {
			isa = PBXGroup;
			children = (
				538B117024EA5FF1000B65D1 /* WelcomeController.swift */,
				537BF8B524EB893A00B49C7D /* StartViewController.swift */,
				537BF8B724EBA73300B49C7D /* SignInViewController.swift */,
				539512C324ECFADB006A8EF5 /* SignUpViewController.swift */,
				539512C524ED0FBB006A8EF5 /* VerifyAccountViewController.swift */,
				539512C924ED246E006A8EF5 /* FinishSignUpViewController.swift */,
				530510D624EE0F18002CDA2E /* ForgotPasswordViewController.swift */,
				530510D824EE1E3C002CDA2E /* VerifyForgotPasswordViewController.swift */,
				530510DA24EE25E4002CDA2E /* CreateNewPasswordViewController.swift */,
				5305110224EE6D7A002CDA2E /* TabBarViewController.swift */,
				53ACB20924EF765D00BCC6B4 /* DashboardViewController.swift */,
				53ACB21324EFB1FE00BCC6B4 /* WalletsViewController.swift */,
				538DC1EC24F36A2C00B12D02 /* SendViewController.swift */,
				538DC1F024F37F1400B12D02 /* ListWalletViewController.swift */,
				538DC1F824F3B0B800B12D02 /* AddressWalletViewController.swift */,
				53364AD824F4B62F00FF6C32 /* ScanQRViewController.swift */,
				53364ADA24F50E9400FF6C32 /* ConfirmSendViewController.swift */,
				53534F6024F60EB1009A8964 /* PassSendConfirmViewController.swift */,
				53534F6624F61EE7009A8964 /* CompleteSendViewController.swift */,
				53534F6824F648E0009A8964 /* SaveWalletViewController.swift */,
				53B13BA124F75635004E54D9 /* RecieveViewController.swift */,
				53B13BA724F78C28004E54D9 /* WithdrawalViewController.swift */,
				53B13BA924F79D51004E54D9 /* FinishWithdrawalViewController.swift */,
				53B13BAF24F7AC35004E54D9 /* NotificationViewController.swift */,
				53EC8EAD24F8EDE100744B80 /* DetailNotificationViewController.swift */,
				53EC8EB324F9097900744B80 /* AccountViewController.swift */,
				535406DB24F9F50E00F2B9BE /* EditProfileViewController.swift */,
				535406DD24FA164100F2B9BE /* ChangePasswordViewController.swift */,
				53BC5C7224FC97760000E112 /* ManageWalletViewController.swift */,
			);
			path = Controllers;
			sourceTree = "<group>";
		};
		539512BE24ECBB87006A8EF5 /* Extensions */ = {
			isa = PBXGroup;
			children = (
				53364AD524F4A45900FF6C32 /* UIViewExtension.swift */,
				53534F6A24F65D70009A8964 /* UIScrollViewExtension.swift */,
			);
			path = Extensions;
			sourceTree = "<group>";
		};
/* End PBXGroup section */

/* Begin PBXNativeTarget section */
		538B116824EA5FF1000B65D1 /* ECB-Wallet */ = {
			isa = PBXNativeTarget;
			buildConfigurationList = 538B117D24EA5FF3000B65D1 /* Build configuration list for PBXNativeTarget "ECB-Wallet" */;
			buildPhases = (
				538B116524EA5FF1000B65D1 /* Sources */,
				538B116624EA5FF1000B65D1 /* Frameworks */,
				538B116724EA5FF1000B65D1 /* Resources */,
			);
			buildRules = (
			);
			dependencies = (
			);
			name = "ECB-Wallet";
			productName = "ECB-Wallet";
			productReference = 538B116924EA5FF1000B65D1 /* ECB-Wallet.app */;
			productType = "com.apple.product-type.application";
		};
/* End PBXNativeTarget section */

/* Begin PBXProject section */
		538B116124EA5FF1000B65D1 /* Project object */ = {
			isa = PBXProject;
			attributes = {
				LastSwiftUpdateCheck = 1160;
				LastUpgradeCheck = 1160;
				ORGANIZATIONNAME = NGUYENLONGTIEN;
				TargetAttributes = {
					538B116824EA5FF1000B65D1 = {
						CreatedOnToolsVersion = 11.6;
					};
				};
			};
			buildConfigurationList = 538B116424EA5FF1000B65D1 /* Build configuration list for PBXProject "ECB-Wallet" */;
			compatibilityVersion = "Xcode 9.3";
			developmentRegion = en;
			hasScannedForEncodings = 0;
			knownRegions = (
				en,
				Base,
			);
			mainGroup = 538B116024EA5FF1000B65D1;
			productRefGroup = 538B116A24EA5FF1000B65D1 /* Products */;
			projectDirPath = "";
			projectRoot = "";
			targets = (
				538B116824EA5FF1000B65D1 /* ECB-Wallet */,
			);
		};
/* End PBXProject section */

/* Begin PBXResourcesBuildPhase section */
		538B116724EA5FF1000B65D1 /* Resources */ = {
			isa = PBXResourcesBuildPhase;
			buildActionMask = 2147483647;
			files = (
				53ACB21224EFAE3C00BCC6B4 /* WalletTableViewCell.xib in Resources */,
				538B117924EA5FF3000B65D1 /* LaunchScreen.storyboard in Resources */,
				538B119124EA8403000B65D1 /* WelcomeCollectionViewCell.xib in Resources */,
				538B118C24EA64B3000B65D1 /* stencil.TTF in Resources */,
				538DC1F524F395BA00B12D02 /* ListWalletTableViewCell.xib in Resources */,
				538B117624EA5FF3000B65D1 /* Assets.xcassets in Resources */,
				53B13BA624F786EC004E54D9 /* WithdrawalTableViewCell.xib in Resources */,
				53ACB20824EF75B800BCC6B4 /* DashboardCollectionViewCell.xib in Resources */,
				538B118824EA64A8000B65D1 /* sfprodisplay_light.ttf in Resources */,
				538B118924EA64AB000B65D1 /* sfprodisplay_medium.ttf in Resources */,
				538DC1FD24F3B34C00B12D02 /* AddressWalletTableViewCell.xib in Resources */,
				538B118724EA64A5000B65D1 /* sfprodisplay_black.ttf in Resources */,
				538B118B24EA64B0000B65D1 /* sfprodisplay_regular.ttf in Resources */,
				538B118A24EA64AE000B65D1 /* sfprodisplay_regular_italic.ttf in Resources */,
				53ACB20E24EF828600BCC6B4 /* TransactionTableViewCell.xib in Resources */,
				538B117424EA5FF1000B65D1 /* Main.storyboard in Resources */,
				53B13BAE24F7A5EC004E54D9 /* NotificationTableViewCell.xib in Resources */,
				53BC5C7124FC93EB0000E112 /* ManageWalletTableViewCell.xib in Resources */,
			);
			runOnlyForDeploymentPostprocessing = 0;
		};
/* End PBXResourcesBuildPhase section */

/* Begin PBXSourcesBuildPhase section */
		538B116524EA5FF1000B65D1 /* Sources */ = {
			isa = PBXSourcesBuildPhase;
			buildActionMask = 2147483647;
			files = (
				538DC1EF24F377F200B12D02 /* BoundTopLeftAndTopRightCornerView.swift in Sources */,
				53ACB21124EFAE3C00BCC6B4 /* WalletTableViewCell.swift in Sources */,
				53EC8EAE24F8EDE100744B80 /* DetailNotificationViewController.swift in Sources */,
				53EC8EB224F8FBB900744B80 /* BoundCornerImage.swift in Sources */,
				53B13BA524F786EC004E54D9 /* WithdrawalTableViewCell.swift in Sources */,
				539512C824ED1316006A8EF5 /* BoundFourCornersView.swift in Sources */,
				53ACB21424EFB1FE00BCC6B4 /* WalletsViewController.swift in Sources */,
				53364AD924F4B62F00FF6C32 /* ScanQRViewController.swift in Sources */,
				538DC1EB24F353D000B12D02 /* BoundBottomLeftAndBottomRightCornerView.swift in Sources */,
				539512CA24ED246E006A8EF5 /* FinishSignUpViewController.swift in Sources */,
				537BF8B824EBA73300B49C7D /* SignInViewController.swift in Sources */,
				538B117124EA5FF1000B65D1 /* WelcomeController.swift in Sources */,
				53364AD624F4A45900FF6C32 /* UIViewExtension.swift in Sources */,
				537BF8BC24EBAE2100B49C7D /* ChangeColorImageView.swift in Sources */,
				539512C224ECD541006A8EF5 /* setBorderAndRoundCornerButton.swift in Sources */,
				53ACB20A24EF765D00BCC6B4 /* DashboardViewController.swift in Sources */,
				53534F6724F61EE7009A8964 /* CompleteSendViewController.swift in Sources */,
				538B119024EA8403000B65D1 /* WelcomeCollectionViewCell.swift in Sources */,
				53ACB20724EF75B800BCC6B4 /* DashboardCollectionViewCell.swift in Sources */,
				538DC1F424F395BA00B12D02 /* ListWalletTableViewCell.swift in Sources */,
				538DC1F724F398F500B12D02 /* Wallet.swift in Sources */,
				53EC8EB424F9097900744B80 /* AccountViewController.swift in Sources */,
				53534F6124F60EB1009A8964 /* PassSendConfirmViewController.swift in Sources */,
				538DC1ED24F36A2C00B12D02 /* SendViewController.swift in Sources */,
				535406DE24FA164100F2B9BE /* ChangePasswordViewController.swift in Sources */,
				53B13BA824F78C28004E54D9 /* WithdrawalViewController.swift in Sources */,
				53B13BB024F7AC35004E54D9 /* NotificationViewController.swift in Sources */,
				53364ADB24F50E9400FF6C32 /* ConfirmSendViewController.swift in Sources */,
				5305110524EE7664002CDA2E /* BoundTopRightView.swift in Sources */,
				53B13BAD24F7A5EC004E54D9 /* NotificationTableViewCell.swift in Sources */,
				530510DB24EE25E4002CDA2E /* CreateNewPasswordViewController.swift in Sources */,
				53BC5C7024FC93EB0000E112 /* ManageWalletTableViewCell.swift in Sources */,
				53B13BA224F75635004E54D9 /* RecieveViewController.swift in Sources */,
				53534F6524F60FBE009A8964 /* Pin.swift in Sources */,
				538DC1FF24F3BBBD00B12D02 /* AddressWallet.swift in Sources */,
				538B116D24EA5FF1000B65D1 /* AppDelegate.swift in Sources */,
				537BF8BA24EBA82B00B49C7D /* RoundCornerView.swift in Sources */,
				538B116F24EA5FF1000B65D1 /* SceneDelegate.swift in Sources */,
				530510D724EE0F18002CDA2E /* ForgotPasswordViewController.swift in Sources */,
				538DC1F124F37F1400B12D02 /* ListWalletViewController.swift in Sources */,
				537BF8B424EB779500B49C7D /* Page.swift in Sources */,
				53BC5C7324FC97760000E112 /* ManageWalletViewController.swift in Sources */,
				530510D924EE1E3C002CDA2E /* VerifyForgotPasswordViewController.swift in Sources */,
				537BF8B624EB893A00B49C7D /* StartViewController.swift in Sources */,
				5305110124EE69F3002CDA2E /* CustomUITabBar.swift in Sources */,
				5305110724EE78A2002CDA2E /* BoundBottomLeftCorner.swift in Sources */,
				5305110324EE6D7A002CDA2E /* TabBarViewController.swift in Sources */,
				538DC1F924F3B0B800B12D02 /* AddressWalletViewController.swift in Sources */,
				539512C624ED0FBB006A8EF5 /* VerifyAccountViewController.swift in Sources */,
				53ACB20424EF610900BCC6B4 /* BoundBottomLeftAndTopRightCornerView.swift in Sources */,
				53534F6924F648E0009A8964 /* SaveWalletViewController.swift in Sources */,
				535406DC24F9F50E00F2B9BE /* EditProfileViewController.swift in Sources */,
				53ACB20D24EF828600BCC6B4 /* TransactionTableViewCell.swift in Sources */,
				53B13BAA24F79D51004E54D9 /* FinishWithdrawalViewController.swift in Sources */,
				53534F6424F60FBE009A8964 /* Passcode.swift in Sources */,
				538DC1FC24F3B34C00B12D02 /* AddressWalletTableViewCell.swift in Sources */,
				539512C424ECFADB006A8EF5 /* SignUpViewController.swift in Sources */,
				53534F6B24F65D70009A8964 /* UIScrollViewExtension.swift in Sources */,
				537BF8BE24EBCE9D00B49C7D /* SetBorderAndRoundCornerView.swift in Sources */,
			);
			runOnlyForDeploymentPostprocessing = 0;
		};
/* End PBXSourcesBuildPhase section */

/* Begin PBXVariantGroup section */
		538B117224EA5FF1000B65D1 /* Main.storyboard */ = {
			isa = PBXVariantGroup;
			children = (
				538B117324EA5FF1000B65D1 /* Base */,
			);
			name = Main.storyboard;
			sourceTree = "<group>";
		};
		538B117724EA5FF3000B65D1 /* LaunchScreen.storyboard */ = {
			isa = PBXVariantGroup;
			children = (
				538B117824EA5FF3000B65D1 /* Base */,
			);
			name = LaunchScreen.storyboard;
			sourceTree = "<group>";
		};
/* End PBXVariantGroup section */

/* Begin XCBuildConfiguration section */
		538B117B24EA5FF3000B65D1 /* Debug */ = {
			isa = XCBuildConfiguration;
			buildSettings = {
				ALWAYS_SEARCH_USER_PATHS = NO;
				CLANG_ANALYZER_NONNULL = YES;
				CLANG_ANALYZER_NUMBER_OBJECT_CONVERSION = YES_AGGRESSIVE;
				CLANG_CXX_LANGUAGE_STANDARD = "gnu++14";
				CLANG_CXX_LIBRARY = "libc++";
				CLANG_ENABLE_MODULES = YES;
				CLANG_ENABLE_OBJC_ARC = YES;
				CLANG_ENABLE_OBJC_WEAK = YES;
				CLANG_WARN_BLOCK_CAPTURE_AUTORELEASING = YES;
				CLANG_WARN_BOOL_CONVERSION = YES;
				CLANG_WARN_COMMA = YES;
				CLANG_WARN_CONSTANT_CONVERSION = YES;
				CLANG_WARN_DEPRECATED_OBJC_IMPLEMENTATIONS = YES;
				CLANG_WARN_DIRECT_OBJC_ISA_USAGE = YES_ERROR;
				CLANG_WARN_DOCUMENTATION_COMMENTS = YES;
				CLANG_WARN_EMPTY_BODY = YES;
				CLANG_WARN_ENUM_CONVERSION = YES;
				CLANG_WARN_INFINITE_RECURSION = YES;
				CLANG_WARN_INT_CONVERSION = YES;
				CLANG_WARN_NON_LITERAL_NULL_CONVERSION = YES;
				CLANG_WARN_OBJC_IMPLICIT_RETAIN_SELF = YES;
				CLANG_WARN_OBJC_LITERAL_CONVERSION = YES;
				CLANG_WARN_OBJC_ROOT_CLASS = YES_ERROR;
				CLANG_WARN_RANGE_LOOP_ANALYSIS = YES;
				CLANG_WARN_STRICT_PROTOTYPES = YES;
				CLANG_WARN_SUSPICIOUS_MOVE = YES;
				CLANG_WARN_UNGUARDED_AVAILABILITY = YES_AGGRESSIVE;
				CLANG_WARN_UNREACHABLE_CODE = YES;
				CLANG_WARN__DUPLICATE_METHOD_MATCH = YES;
				COPY_PHASE_STRIP = NO;
				DEBUG_INFORMATION_FORMAT = dwarf;
				ENABLE_STRICT_OBJC_MSGSEND = YES;
				ENABLE_TESTABILITY = YES;
				GCC_C_LANGUAGE_STANDARD = gnu11;
				GCC_DYNAMIC_NO_PIC = NO;
				GCC_NO_COMMON_BLOCKS = YES;
				GCC_OPTIMIZATION_LEVEL = 0;
				GCC_PREPROCESSOR_DEFINITIONS = (
					"DEBUG=1",
					"$(inherited)",
				);
				GCC_WARN_64_TO_32_BIT_CONVERSION = YES;
				GCC_WARN_ABOUT_RETURN_TYPE = YES_ERROR;
				GCC_WARN_UNDECLARED_SELECTOR = YES;
				GCC_WARN_UNINITIALIZED_AUTOS = YES_AGGRESSIVE;
				GCC_WARN_UNUSED_FUNCTION = YES;
				GCC_WARN_UNUSED_VARIABLE = YES;
				IPHONEOS_DEPLOYMENT_TARGET = 13.6;
				MTL_ENABLE_DEBUG_INFO = INCLUDE_SOURCE;
				MTL_FAST_MATH = YES;
				ONLY_ACTIVE_ARCH = YES;
				SDKROOT = iphoneos;
				SWIFT_ACTIVE_COMPILATION_CONDITIONS = DEBUG;
				SWIFT_OPTIMIZATION_LEVEL = "-Onone";
			};
			name = Debug;
		};
		538B117C24EA5FF3000B65D1 /* Release */ = {
			isa = XCBuildConfiguration;
			buildSettings = {
				ALWAYS_SEARCH_USER_PATHS = NO;
				CLANG_ANALYZER_NONNULL = YES;
				CLANG_ANALYZER_NUMBER_OBJECT_CONVERSION = YES_AGGRESSIVE;
				CLANG_CXX_LANGUAGE_STANDARD = "gnu++14";
				CLANG_CXX_LIBRARY = "libc++";
				CLANG_ENABLE_MODULES = YES;
				CLANG_ENABLE_OBJC_ARC = YES;
				CLANG_ENABLE_OBJC_WEAK = YES;
				CLANG_WARN_BLOCK_CAPTURE_AUTORELEASING = YES;
				CLANG_WARN_BOOL_CONVERSION = YES;
				CLANG_WARN_COMMA = YES;
				CLANG_WARN_CONSTANT_CONVERSION = YES;
				CLANG_WARN_DEPRECATED_OBJC_IMPLEMENTATIONS = YES;
				CLANG_WARN_DIRECT_OBJC_ISA_USAGE = YES_ERROR;
				CLANG_WARN_DOCUMENTATION_COMMENTS = YES;
				CLANG_WARN_EMPTY_BODY = YES;
				CLANG_WARN_ENUM_CONVERSION = YES;
				CLANG_WARN_INFINITE_RECURSION = YES;
				CLANG_WARN_INT_CONVERSION = YES;
				CLANG_WARN_NON_LITERAL_NULL_CONVERSION = YES;
				CLANG_WARN_OBJC_IMPLICIT_RETAIN_SELF = YES;
				CLANG_WARN_OBJC_LITERAL_CONVERSION = YES;
				CLANG_WARN_OBJC_ROOT_CLASS = YES_ERROR;
				CLANG_WARN_RANGE_LOOP_ANALYSIS = YES;
				CLANG_WARN_STRICT_PROTOTYPES = YES;
				CLANG_WARN_SUSPICIOUS_MOVE = YES;
				CLANG_WARN_UNGUARDED_AVAILABILITY = YES_AGGRESSIVE;
				CLANG_WARN_UNREACHABLE_CODE = YES;
				CLANG_WARN__DUPLICATE_METHOD_MATCH = YES;
				COPY_PHASE_STRIP = NO;
				DEBUG_INFORMATION_FORMAT = "dwarf-with-dsym";
				ENABLE_NS_ASSERTIONS = NO;
				ENABLE_STRICT_OBJC_MSGSEND = YES;
				GCC_C_LANGUAGE_STANDARD = gnu11;
				GCC_NO_COMMON_BLOCKS = YES;
				GCC_WARN_64_TO_32_BIT_CONVERSION = YES;
				GCC_WARN_ABOUT_RETURN_TYPE = YES_ERROR;
				GCC_WARN_UNDECLARED_SELECTOR = YES;
				GCC_WARN_UNINITIALIZED_AUTOS = YES_AGGRESSIVE;
				GCC_WARN_UNUSED_FUNCTION = YES;
				GCC_WARN_UNUSED_VARIABLE = YES;
				IPHONEOS_DEPLOYMENT_TARGET = 13.6;
				MTL_ENABLE_DEBUG_INFO = NO;
				MTL_FAST_MATH = YES;
				SDKROOT = iphoneos;
				SWIFT_COMPILATION_MODE = wholemodule;
				SWIFT_OPTIMIZATION_LEVEL = "-O";
				VALIDATE_PRODUCT = YES;
			};
			name = Release;
		};
		538B117E24EA5FF3000B65D1 /* Debug */ = {
			isa = XCBuildConfiguration;
			buildSettings = {
				ASSETCATALOG_COMPILER_APPICON_NAME = AppIcon;
				CODE_SIGN_STYLE = Automatic;
				DEVELOPMENT_TEAM = RRJMKAXD2H;
				INFOPLIST_FILE = "ECB-Wallet/Info.plist";
				IPHONEOS_DEPLOYMENT_TARGET = 13.0;
				LD_RUNPATH_SEARCH_PATHS = (
					"$(inherited)",
					"@executable_path/Frameworks",
				);
				PRODUCT_BUNDLE_IDENTIFIER = "com.nhatlongtien.ECB-Wallet";
				PRODUCT_NAME = "$(TARGET_NAME)";
				SWIFT_VERSION = 4.2;
				TARGETED_DEVICE_FAMILY = "1,2";
			};
			name = Debug;
		};
		538B117F24EA5FF3000B65D1 /* Release */ = {
			isa = XCBuildConfiguration;
			buildSettings = {
				ASSETCATALOG_COMPILER_APPICON_NAME = AppIcon;
				CODE_SIGN_STYLE = Automatic;
				DEVELOPMENT_TEAM = RRJMKAXD2H;
				INFOPLIST_FILE = "ECB-Wallet/Info.plist";
				IPHONEOS_DEPLOYMENT_TARGET = 13.0;
				LD_RUNPATH_SEARCH_PATHS = (
					"$(inherited)",
					"@executable_path/Frameworks",
				);
				PRODUCT_BUNDLE_IDENTIFIER = "com.nhatlongtien.ECB-Wallet";
				PRODUCT_NAME = "$(TARGET_NAME)";
				SWIFT_VERSION = 4.2;
				TARGETED_DEVICE_FAMILY = "1,2";
			};
			name = Release;
		};
/* End XCBuildConfiguration section */

/* Begin XCConfigurationList section */
		538B116424EA5FF1000B65D1 /* Build configuration list for PBXProject "ECB-Wallet" */ = {
			isa = XCConfigurationList;
			buildConfigurations = (
				538B117B24EA5FF3000B65D1 /* Debug */,
				538B117C24EA5FF3000B65D1 /* Release */,
			);
			defaultConfigurationIsVisible = 0;
			defaultConfigurationName = Release;
		};
		538B117D24EA5FF3000B65D1 /* Build configuration list for PBXNativeTarget "ECB-Wallet" */ = {
			isa = XCConfigurationList;
			buildConfigurations = (
				538B117E24EA5FF3000B65D1 /* Debug */,
				538B117F24EA5FF3000B65D1 /* Release */,
			);
			defaultConfigurationIsVisible = 0;
			defaultConfigurationName = Release;
		};
/* End XCConfigurationList section */
	};
	rootObject = 538B116124EA5FF1000B65D1 /* Project object */;
}
